
Microsoft Visual Studio Solution File, Format Version 12.00
# Visual Studio Version 17
VisualStudioVersion = 17.3.32825.248
MinimumVisualStudioVersion = 10.0.40219.1
Project("{8BC9CEB8-8B4A-11D0-8D11-00A0C91BC942}") = "RemoteLedControl", "RemoteLedControl\RemoteLedControl.vcxproj", "{C5F80730-F44F-4478-BDAE-6634EFC2CA88}"
EndProject
Project("{8BC9CEB8-8B4A-11D0-8D11-00A0C91BC942}") = "NTPClient-3.2.1", "Libraries\NTPClient\3.2.1\NTPClient\NTPClient-3.2.1.vcxitems", "{1D44C69B-C208-4856-B1FA-1523F3D8A56F}"
EndProject
Project("{8BC9CEB8-8B4A-11D0-8D11-00A0C91BC942}") = "WiFiManager-2.0.13-beta", "Libraries\WiFiManager\2.0.13-beta\WiFiManager\WiFiManager-2.0.13-beta.vcxitems", "{80B3E7C5-679F-4683-BD8A-735BDB3C2DF0}"
EndProject
Project("{8BC9CEB8-8B4A-11D0-8D11-00A0C91BC942}") = "ArduinoJson-6.19.4", "Libraries\ArduinoJson\6.19.4\ArduinoJson\ArduinoJson-6.19.4.vcxitems", "{B4079890-135D-452B-8B34-6131678BFB09}"
EndProject
Project("{8BC9CEB8-8B4A-11D0-8D11-00A0C91BC942}") = "HTTPClient-2.0.0", "Libraries\HTTPClient\2.0.0\HTTPClient\HTTPClient-2.0.0.vcxitems", "{32D243E0-B35F-42F2-B42A-4BBFB3E36358}"
EndProject
Project("{8BC9CEB8-8B4A-11D0-8D11-00A0C91BC942}") = "Preferences-2.0.0", "Libraries\Preferences\2.0.0\Preferences\Preferences-2.0.0.vcxitems", "{FCD9F4A2-5048-4BC7-B8FD-F7280FD41D65}"
EndProject
Global
	GlobalSection(SolutionConfigurationPlatforms) = preSolution
		Debug|x86 = Debug|x86
		Release|x86 = Release|x86
	EndGlobalSection
	GlobalSection(ProjectConfigurationPlatforms) = postSolution
		{C5F80730-F44F-4478-BDAE-6634EFC2CA88}.Debug|x86.ActiveCfg = Debug|Win32
		{C5F80730-F44F-4478-BDAE-6634EFC2CA88}.Debug|x86.Build.0 = Debug|Win32
		{C5F80730-F44F-4478-BDAE-6634EFC2CA88}.Release|x86.ActiveCfg = Release|Win32
		{C5F80730-F44F-4478-BDAE-6634EFC2CA88}.Release|x86.Build.0 = Release|Win32
	EndGlobalSection
	GlobalSection(SolutionProperties) = preSolution
		HideSolutionNode = FALSE
	EndGlobalSection
	GlobalSection(ExtensibilityGlobals) = postSolution
		SolutionGuid = {D39AC945-2451-4670-8CE9-8633BFB7C12B}
	EndGlobalSection
	GlobalSection(SharedMSBuildProjectFiles) = preSolution
		Libraries\NTPClient\3.2.1\NTPClient\NTPClient-3.2.1.vcxitems*{1d44c69b-c208-4856-b1fa-1523f3d8a56f}*SharedItemsImports = 9
		Libraries\HTTPClient\2.0.0\HTTPClient\HTTPClient-2.0.0.vcxitems*{32d243e0-b35f-42f2-b42a-4bbfb3e36358}*SharedItemsImports = 9
		Libraries\WiFiManager\2.0.13-beta\WiFiManager\WiFiManager-2.0.13-beta.vcxitems*{80b3e7c5-679f-4683-bd8a-735bdb3c2df0}*SharedItemsImports = 9
		Libraries\ArduinoJson\6.19.4\ArduinoJson\ArduinoJson-6.19.4.vcxitems*{b4079890-135d-452b-8b34-6131678bfb09}*SharedItemsImports = 9
		Libraries\ArduinoJson\6.19.4\ArduinoJson\ArduinoJson-6.19.4.vcxitems*{c5f80730-f44f-4478-bdae-6634efc2ca88}*SharedItemsImports = 4
		Libraries\HTTPClient\2.0.0\HTTPClient\HTTPClient-2.0.0.vcxitems*{c5f80730-f44f-4478-bdae-6634efc2ca88}*SharedItemsImports = 4
		Libraries\NTPClient\3.2.1\NTPClient\NTPClient-3.2.1.vcxitems*{c5f80730-f44f-4478-bdae-6634efc2ca88}*SharedItemsImports = 4
		Libraries\Preferences\2.0.0\Preferences\Preferences-2.0.0.vcxitems*{c5f80730-f44f-4478-bdae-6634efc2ca88}*SharedItemsImports = 4
		Libraries\WiFiManager\2.0.13-beta\WiFiManager\WiFiManager-2.0.13-beta.vcxitems*{c5f80730-f44f-4478-bdae-6634efc2ca88}*SharedItemsImports = 4
		Libraries\Preferences\2.0.0\Preferences\Preferences-2.0.0.vcxitems*{fcd9f4a2-5048-4bc7-b8fd-f7280fd41d65}*SharedItemsImports = 9
	EndGlobalSection
EndGlobal
